// !$*UTF8*$!
{
	archiveVersion = 1;
	classes = {
	};
	objectVersion = 50;
	objects = {

/* Begin PBXBuildFile section */
		7A4BBDF223C3A3FE0037C111 /* AppDelegate.swift in Sources */ = {isa = PBXBuildFile; fileRef = 7A4BBDF123C3A3FE0037C111 /* AppDelegate.swift */; };
		7A4BBDF423C3A3FE0037C111 /* ImagesTableViewController.swift in Sources */ = {isa = PBXBuildFile; fileRef = 7A4BBDF323C3A3FE0037C111 /* ImagesTableViewController.swift */; };
		7A4BBDF623C3A4010037C111 /* Assets.xcassets in Resources */ = {isa = PBXBuildFile; fileRef = 7A4BBDF523C3A4010037C111 /* Assets.xcassets */; };
		7A4BBDF923C3A4010037C111 /* Main.storyboard in Resources */ = {isa = PBXBuildFile; fileRef = 7A4BBDF723C3A4010037C111 /* Main.storyboard */; };
		7A4BBE0323C3E3DB0037C111 /* NSOpenPanel+Custom.swift in Sources */ = {isa = PBXBuildFile; fileRef = 7A4BBE0223C3E3DB0037C111 /* NSOpenPanel+Custom.swift */; };
		7ADB115123D2347A00C81595 /* MainMenu.swift in Sources */ = {isa = PBXBuildFile; fileRef = 7ADB115023D2347A00C81595 /* MainMenu.swift */; };
		7ADB115323D252E700C81595 /* MainViewController.swift in Sources */ = {isa = PBXBuildFile; fileRef = 7ADB115223D252E600C81595 /* MainViewController.swift */; };
		7ADB115523D673E000C81595 /* ImageDetailViewController.swift in Sources */ = {isa = PBXBuildFile; fileRef = 7ADB115423D673E000C81595 /* ImageDetailViewController.swift */; };
		7ADB115823D7CBED00C81595 /* AppFileManager.swift in Sources */ = {isa = PBXBuildFile; fileRef = 7ADB115723D7CBED00C81595 /* AppFileManager.swift */; };
		7ADB116823D824DB00C81595 /* NSImage+jpgRepresentation.swift in Sources */ = {isa = PBXBuildFile; fileRef = 7ADB116723D824DB00C81595 /* NSImage+jpgRepresentation.swift */; };
		7ADB116A23D8D30900C81595 /* NSRectExtensionTests.swift in Sources */ = {isa = PBXBuildFile; fileRef = 7ADB116923D8D30900C81595 /* NSRectExtensionTests.swift */; };
		7ADB116C23D8D67000C81595 /* NSRect+Comparable.swift in Sources */ = {isa = PBXBuildFile; fileRef = 7ADB116B23D8D67000C81595 /* NSRect+Comparable.swift */; };
		7ADB116E23D8FB7200C81595 /* AnnotationDataSet.swift in Sources */ = {isa = PBXBuildFile; fileRef = 7ADB116D23D8FB7200C81595 /* AnnotationDataSet.swift */; };
		7AE1AB1223C799F10088B08F /* ImageDetailView.swift in Sources */ = {isa = PBXBuildFile; fileRef = 7AE1AB1123C799F10088B08F /* ImageDetailView.swift */; };
		7AE1AB1423C8FD5F0088B08F /* AnnotationView.swift in Sources */ = {isa = PBXBuildFile; fileRef = 7AE1AB1323C8FD5F0088B08F /* AnnotationView.swift */; };
		7AE1AB1723C91F420088B08F /* ImageAnnotation.swift in Sources */ = {isa = PBXBuildFile; fileRef = 7AE1AB1623C91F420088B08F /* ImageAnnotation.swift */; };
		7AE1AB1923CE382D0088B08F /* ImageAnnotationViewModel.swift in Sources */ = {isa = PBXBuildFile; fileRef = 7AE1AB1823CE382D0088B08F /* ImageAnnotationViewModel.swift */; };
/* End PBXBuildFile section */

/* Begin PBXContainerItemProxy section */
		7ADB116223D7CF8600C81595 /* PBXContainerItemProxy */ = {
			isa = PBXContainerItemProxy;
			containerPortal = 7A4BBDE623C3A3FE0037C111 /* Project object */;
			proxyType = 1;
			remoteGlobalIDString = 7A4BBDED23C3A3FE0037C111;
			remoteInfo = ImageAnnotations;
		};
/* End PBXContainerItemProxy section */

/* Begin PBXFileReference section */
		7A4BBDEE23C3A3FE0037C111 /* ImageAnnotations.app */ = {isa = PBXFileReference; explicitFileType = wrapper.application; includeInIndex = 0; path = ImageAnnotations.app; sourceTree = BUILT_PRODUCTS_DIR; };
		7A4BBDF123C3A3FE0037C111 /* AppDelegate.swift */ = {isa = PBXFileReference; lastKnownFileType = sourcecode.swift; path = AppDelegate.swift; sourceTree = "<group>"; };
		7A4BBDF323C3A3FE0037C111 /* ImagesTableViewController.swift */ = {isa = PBXFileReference; lastKnownFileType = sourcecode.swift; path = ImagesTableViewController.swift; sourceTree = "<group>"; };
		7A4BBDF523C3A4010037C111 /* Assets.xcassets */ = {isa = PBXFileReference; lastKnownFileType = folder.assetcatalog; path = Assets.xcassets; sourceTree = "<group>"; };
		7A4BBDF823C3A4010037C111 /* Base */ = {isa = PBXFileReference; lastKnownFileType = file.storyboard; name = Base; path = Base.lproj/Main.storyboard; sourceTree = "<group>"; };
		7A4BBDFA23C3A4010037C111 /* Info.plist */ = {isa = PBXFileReference; lastKnownFileType = text.plist.xml; path = Info.plist; sourceTree = "<group>"; };
		7A4BBDFB23C3A4010037C111 /* ImageAnnotations.entitlements */ = {isa = PBXFileReference; lastKnownFileType = text.plist.entitlements; path = ImageAnnotations.entitlements; sourceTree = "<group>"; };
		7A4BBE0223C3E3DB0037C111 /* NSOpenPanel+Custom.swift */ = {isa = PBXFileReference; lastKnownFileType = sourcecode.swift; path = "NSOpenPanel+Custom.swift"; sourceTree = "<group>"; };
		7ADB115023D2347A00C81595 /* MainMenu.swift */ = {isa = PBXFileReference; lastKnownFileType = sourcecode.swift; path = MainMenu.swift; sourceTree = "<group>"; };
		7ADB115223D252E600C81595 /* MainViewController.swift */ = {isa = PBXFileReference; lastKnownFileType = sourcecode.swift; path = MainViewController.swift; sourceTree = "<group>"; };
		7ADB115423D673E000C81595 /* ImageDetailViewController.swift */ = {isa = PBXFileReference; lastKnownFileType = sourcecode.swift; path = ImageDetailViewController.swift; sourceTree = "<group>"; };
		7ADB115723D7CBED00C81595 /* AppFileManager.swift */ = {isa = PBXFileReference; lastKnownFileType = sourcecode.swift; path = AppFileManager.swift; sourceTree = "<group>"; };
		7ADB115D23D7CF8600C81595 /* ImageAnnotationsTests.xctest */ = {isa = PBXFileReference; explicitFileType = wrapper.cfbundle; includeInIndex = 0; path = ImageAnnotationsTests.xctest; sourceTree = BUILT_PRODUCTS_DIR; };
		7ADB116123D7CF8600C81595 /* Info.plist */ = {isa = PBXFileReference; lastKnownFileType = text.plist.xml; path = Info.plist; sourceTree = "<group>"; };
		7ADB116723D824DB00C81595 /* NSImage+jpgRepresentation.swift */ = {isa = PBXFileReference; lastKnownFileType = sourcecode.swift; path = "NSImage+jpgRepresentation.swift"; sourceTree = "<group>"; };
		7ADB116923D8D30900C81595 /* NSRectExtensionTests.swift */ = {isa = PBXFileReference; lastKnownFileType = sourcecode.swift; path = NSRectExtensionTests.swift; sourceTree = "<group>"; };
		7ADB116B23D8D67000C81595 /* NSRect+Comparable.swift */ = {isa = PBXFileReference; lastKnownFileType = sourcecode.swift; path = "NSRect+Comparable.swift"; sourceTree = "<group>"; };
		7ADB116D23D8FB7200C81595 /* AnnotationDataSet.swift */ = {isa = PBXFileReference; lastKnownFileType = sourcecode.swift; path = AnnotationDataSet.swift; sourceTree = "<group>"; };
		7AE1AB1123C799F10088B08F /* ImageDetailView.swift */ = {isa = PBXFileReference; lastKnownFileType = sourcecode.swift; path = ImageDetailView.swift; sourceTree = "<group>"; };
		7AE1AB1323C8FD5F0088B08F /* AnnotationView.swift */ = {isa = PBXFileReference; lastKnownFileType = sourcecode.swift; path = AnnotationView.swift; sourceTree = "<group>"; };
		7AE1AB1623C91F420088B08F /* ImageAnnotation.swift */ = {isa = PBXFileReference; lastKnownFileType = sourcecode.swift; path = ImageAnnotation.swift; sourceTree = "<group>"; };
		7AE1AB1823CE382D0088B08F /* ImageAnnotationViewModel.swift */ = {isa = PBXFileReference; lastKnownFileType = sourcecode.swift; path = ImageAnnotationViewModel.swift; sourceTree = "<group>"; };
/* End PBXFileReference section */

/* Begin PBXFrameworksBuildPhase section */
		7A4BBDEB23C3A3FE0037C111 /* Frameworks */ = {
			isa = PBXFrameworksBuildPhase;
			buildActionMask = 2147483647;
			files = (
			);
			runOnlyForDeploymentPostprocessing = 0;
		};
		7ADB115A23D7CF8600C81595 /* Frameworks */ = {
			isa = PBXFrameworksBuildPhase;
			buildActionMask = 2147483647;
			files = (
			);
			runOnlyForDeploymentPostprocessing = 0;
		};
/* End PBXFrameworksBuildPhase section */

/* Begin PBXGroup section */
		7A4BBDE523C3A3FE0037C111 = {
			isa = PBXGroup;
			children = (
				7A4BBDF023C3A3FE0037C111 /* ImageAnnotations */,
				7ADB115E23D7CF8600C81595 /* ImageAnnotationsTests */,
				7A4BBDEF23C3A3FE0037C111 /* Products */,
			);
			sourceTree = "<group>";
		};
		7A4BBDEF23C3A3FE0037C111 /* Products */ = {
			isa = PBXGroup;
			children = (
				7A4BBDEE23C3A3FE0037C111 /* ImageAnnotations.app */,
				7ADB115D23D7CF8600C81595 /* ImageAnnotationsTests.xctest */,
			);
			name = Products;
			sourceTree = "<group>";
		};
		7A4BBDF023C3A3FE0037C111 /* ImageAnnotations */ = {
			isa = PBXGroup;
			children = (
				7ADB115623D7CBDB00C81595 /* Helpers */,
				7A4BBE0123C3E2600037C111 /* Extensions */,
				7A4BBDF123C3A3FE0037C111 /* AppDelegate.swift */,
				7A4BBE0423C545460037C111 /* ImageAnnotations */,
				7A4BBDF523C3A4010037C111 /* Assets.xcassets */,
				7A4BBDF723C3A4010037C111 /* Main.storyboard */,
				7A4BBDFA23C3A4010037C111 /* Info.plist */,
				7A4BBDFB23C3A4010037C111 /* ImageAnnotations.entitlements */,
			);
			path = ImageAnnotations;
			sourceTree = "<group>";
		};
		7A4BBE0123C3E2600037C111 /* Extensions */ = {
			isa = PBXGroup;
			children = (
				7A4BBE0223C3E3DB0037C111 /* NSOpenPanel+Custom.swift */,
				7ADB116723D824DB00C81595 /* NSImage+jpgRepresentation.swift */,
				7ADB116B23D8D67000C81595 /* NSRect+Comparable.swift */,
			);
			path = Extensions;
			sourceTree = "<group>";
		};
		7A4BBE0423C545460037C111 /* ImageAnnotations */ = {
			isa = PBXGroup;
			children = (
				7ADB115423D673E000C81595 /* ImageDetailViewController.swift */,
				7A4BBDF323C3A3FE0037C111 /* ImagesTableViewController.swift */,
				7AE1AB1823CE382D0088B08F /* ImageAnnotationViewModel.swift */,
				7AE1AB1523C91F200088B08F /* Model */,
				7AE1AB1123C799F10088B08F /* ImageDetailView.swift */,
				7AE1AB1323C8FD5F0088B08F /* AnnotationView.swift */,
				7ADB115023D2347A00C81595 /* MainMenu.swift */,
				7ADB115223D252E600C81595 /* MainViewController.swift */,
				7ADB116D23D8FB7200C81595 /* AnnotationDataSet.swift */,
			);
			path = ImageAnnotations;
			sourceTree = "<group>";
		};
		7ADB115623D7CBDB00C81595 /* Helpers */ = {
			isa = PBXGroup;
			children = (
				7ADB115723D7CBED00C81595 /* AppFileManager.swift */,
			);
			path = Helpers;
			sourceTree = "<group>";
		};
		7ADB115E23D7CF8600C81595 /* ImageAnnotationsTests */ = {
			isa = PBXGroup;
			children = (
				7ADB116123D7CF8600C81595 /* Info.plist */,
				7ADB116923D8D30900C81595 /* NSRectExtensionTests.swift */,
			);
			path = ImageAnnotationsTests;
			sourceTree = "<group>";
		};
		7AE1AB1523C91F200088B08F /* Model */ = {
			isa = PBXGroup;
			children = (
				7AE1AB1623C91F420088B08F /* ImageAnnotation.swift */,
			);
			path = Model;
			sourceTree = "<group>";
		};
/* End PBXGroup section */

/* Begin PBXNativeTarget section */
		7A4BBDED23C3A3FE0037C111 /* ImageAnnotations */ = {
			isa = PBXNativeTarget;
			buildConfigurationList = 7A4BBDFE23C3A4010037C111 /* Build configuration list for PBXNativeTarget "ImageAnnotations" */;
			buildPhases = (
				7A4BBDEA23C3A3FE0037C111 /* Sources */,
				7A4BBDEB23C3A3FE0037C111 /* Frameworks */,
				7A4BBDEC23C3A3FE0037C111 /* Resources */,
			);
			buildRules = (
			);
			dependencies = (
			);
			name = ImageAnnotations;
			productName = ImageAnnotations;
			productReference = 7A4BBDEE23C3A3FE0037C111 /* ImageAnnotations.app */;
			productType = "com.apple.product-type.application";
		};
		7ADB115C23D7CF8600C81595 /* ImageAnnotationsTests */ = {
			isa = PBXNativeTarget;
			buildConfigurationList = 7ADB116423D7CF8600C81595 /* Build configuration list for PBXNativeTarget "ImageAnnotationsTests" */;
			buildPhases = (
				7ADB115923D7CF8600C81595 /* Sources */,
				7ADB115A23D7CF8600C81595 /* Frameworks */,
				7ADB115B23D7CF8600C81595 /* Resources */,
			);
			buildRules = (
			);
			dependencies = (
				7ADB116323D7CF8600C81595 /* PBXTargetDependency */,
			);
			name = ImageAnnotationsTests;
			productName = ImageAnnotationsTests;
			productReference = 7ADB115D23D7CF8600C81595 /* ImageAnnotationsTests.xctest */;
			productType = "com.apple.product-type.bundle.unit-test";
		};
/* End PBXNativeTarget section */

/* Begin PBXProject section */
		7A4BBDE623C3A3FE0037C111 /* Project object */ = {
			isa = PBXProject;
			attributes = {
				LastSwiftUpdateCheck = 1130;
				LastUpgradeCheck = 1130;
				ORGANIZATIONNAME = "Jorge Ovalle";
				TargetAttributes = {
					7A4BBDED23C3A3FE0037C111 = {
						CreatedOnToolsVersion = 11.3;
					};
					7ADB115C23D7CF8600C81595 = {
						CreatedOnToolsVersion = 11.3.1;
						TestTargetID = 7A4BBDED23C3A3FE0037C111;
					};
				};
			};
			buildConfigurationList = 7A4BBDE923C3A3FE0037C111 /* Build configuration list for PBXProject "ImageAnnotations" */;
			compatibilityVersion = "Xcode 9.3";
			developmentRegion = en;
			hasScannedForEncodings = 0;
			knownRegions = (
				en,
				Base,
			);
			mainGroup = 7A4BBDE523C3A3FE0037C111;
			productRefGroup = 7A4BBDEF23C3A3FE0037C111 /* Products */;
			projectDirPath = "";
			projectRoot = "";
			targets = (
				7A4BBDED23C3A3FE0037C111 /* ImageAnnotations */,
				7ADB115C23D7CF8600C81595 /* ImageAnnotationsTests */,
			);
		};
/* End PBXProject section */

/* Begin PBXResourcesBuildPhase section */
		7A4BBDEC23C3A3FE0037C111 /* Resources */ = {
			isa = PBXResourcesBuildPhase;
			buildActionMask = 2147483647;
			files = (
				7A4BBDF623C3A4010037C111 /* Assets.xcassets in Resources */,
				7A4BBDF923C3A4010037C111 /* Main.storyboard in Resources */,
			);
			runOnlyForDeploymentPostprocessing = 0;
		};
		7ADB115B23D7CF8600C81595 /* Resources */ = {
			isa = PBXResourcesBuildPhase;
			buildActionMask = 2147483647;
			files = (
			);
			runOnlyForDeploymentPostprocessing = 0;
		};
/* End PBXResourcesBuildPhase section */

/* Begin PBXSourcesBuildPhase section */
		7A4BBDEA23C3A3FE0037C111 /* Sources */ = {
			isa = PBXSourcesBuildPhase;
			buildActionMask = 2147483647;
			files = (
				7A4BBE0323C3E3DB0037C111 /* NSOpenPanel+Custom.swift in Sources */,
				7ADB116C23D8D67000C81595 /* NSRect+Comparable.swift in Sources */,
				7ADB115123D2347A00C81595 /* MainMenu.swift in Sources */,
				7AE1AB1423C8FD5F0088B08F /* AnnotationView.swift in Sources */,
				7AE1AB1923CE382D0088B08F /* ImageAnnotationViewModel.swift in Sources */,
				7AE1AB1723C91F420088B08F /* ImageAnnotation.swift in Sources */,
				7A4BBDF423C3A3FE0037C111 /* ImagesTableViewController.swift in Sources */,
				7A4BBDF223C3A3FE0037C111 /* AppDelegate.swift in Sources */,
				7ADB115823D7CBED00C81595 /* AppFileManager.swift in Sources */,
				7AE1AB1223C799F10088B08F /* ImageDetailView.swift in Sources */,
				7ADB116823D824DB00C81595 /* NSImage+jpgRepresentation.swift in Sources */,
				7ADB115323D252E700C81595 /* MainViewController.swift in Sources */,
				7ADB115523D673E000C81595 /* ImageDetailViewController.swift in Sources */,
				7ADB116E23D8FB7200C81595 /* AnnotationDataSet.swift in Sources */,
			);
			runOnlyForDeploymentPostprocessing = 0;
		};
		7ADB115923D7CF8600C81595 /* Sources */ = {
			isa = PBXSourcesBuildPhase;
			buildActionMask = 2147483647;
			files = (
				7ADB116A23D8D30900C81595 /* NSRectExtensionTests.swift in Sources */,
			);
			runOnlyForDeploymentPostprocessing = 0;
		};
/* End PBXSourcesBuildPhase section */

/* Begin PBXTargetDependency section */
		7ADB116323D7CF8600C81595 /* PBXTargetDependency */ = {
			isa = PBXTargetDependency;
			target = 7A4BBDED23C3A3FE0037C111 /* ImageAnnotations */;
			targetProxy = 7ADB116223D7CF8600C81595 /* PBXContainerItemProxy */;
		};
/* End PBXTargetDependency section */

/* Begin PBXVariantGroup section */
		7A4BBDF723C3A4010037C111 /* Main.storyboard */ = {
			isa = PBXVariantGroup;
			children = (
				7A4BBDF823C3A4010037C111 /* Base */,
			);
			name = Main.storyboard;
			sourceTree = "<group>";
		};
/* End PBXVariantGroup section */

/* Begin XCBuildConfiguration section */
		7A4BBDFC23C3A4010037C111 /* Debug */ = {
			isa = XCBuildConfiguration;
			buildSettings = {
				ALWAYS_SEARCH_USER_PATHS = NO;
				CLANG_ANALYZER_NONNULL = YES;
				CLANG_ANALYZER_NUMBER_OBJECT_CONVERSION = YES_AGGRESSIVE;
				CLANG_CXX_LANGUAGE_STANDARD = "gnu++14";
				CLANG_CXX_LIBRARY = "libc++";
				CLANG_ENABLE_MODULES = YES;
				CLANG_ENABLE_OBJC_ARC = YES;
				CLANG_ENABLE_OBJC_WEAK = YES;
				CLANG_WARN_BLOCK_CAPTURE_AUTORELEASING = YES;
				CLANG_WARN_BOOL_CONVERSION = YES;
				CLANG_WARN_COMMA = YES;
				CLANG_WARN_CONSTANT_CONVERSION = YES;
				CLANG_WARN_DEPRECATED_OBJC_IMPLEMENTATIONS = YES;
				CLANG_WARN_DIRECT_OBJC_ISA_USAGE = YES_ERROR;
				CLANG_WARN_DOCUMENTATION_COMMENTS = YES;
				CLANG_WARN_EMPTY_BODY = YES;
				CLANG_WARN_ENUM_CONVERSION = YES;
				CLANG_WARN_INFINITE_RECURSION = YES;
				CLANG_WARN_INT_CONVERSION = YES;
				CLANG_WARN_NON_LITERAL_NULL_CONVERSION = YES;
				CLANG_WARN_OBJC_IMPLICIT_RETAIN_SELF = YES;
				CLANG_WARN_OBJC_LITERAL_CONVERSION = YES;
				CLANG_WARN_OBJC_ROOT_CLASS = YES_ERROR;
				CLANG_WARN_RANGE_LOOP_ANALYSIS = YES;
				CLANG_WARN_STRICT_PROTOTYPES = YES;
				CLANG_WARN_SUSPICIOUS_MOVE = YES;
				CLANG_WARN_UNGUARDED_AVAILABILITY = YES_AGGRESSIVE;
				CLANG_WARN_UNREACHABLE_CODE = YES;
				CLANG_WARN__DUPLICATE_METHOD_MATCH = YES;
				COPY_PHASE_STRIP = NO;
				DEBUG_INFORMATION_FORMAT = dwarf;
				ENABLE_STRICT_OBJC_MSGSEND = YES;
				ENABLE_TESTABILITY = YES;
				GCC_C_LANGUAGE_STANDARD = gnu11;
				GCC_DYNAMIC_NO_PIC = NO;
				GCC_NO_COMMON_BLOCKS = YES;
				GCC_OPTIMIZATION_LEVEL = 0;
				GCC_PREPROCESSOR_DEFINITIONS = (
					"DEBUG=1",
					"$(inherited)",
				);
				GCC_WARN_64_TO_32_BIT_CONVERSION = YES;
				GCC_WARN_ABOUT_RETURN_TYPE = YES_ERROR;
				GCC_WARN_UNDECLARED_SELECTOR = YES;
				GCC_WARN_UNINITIALIZED_AUTOS = YES_AGGRESSIVE;
				GCC_WARN_UNUSED_FUNCTION = YES;
				GCC_WARN_UNUSED_VARIABLE = YES;
				MACOSX_DEPLOYMENT_TARGET = 10.15;
				MTL_ENABLE_DEBUG_INFO = INCLUDE_SOURCE;
				MTL_FAST_MATH = YES;
				ONLY_ACTIVE_ARCH = YES;
				SDKROOT = macosx;
				SWIFT_ACTIVE_COMPILATION_CONDITIONS = DEBUG;
				SWIFT_OPTIMIZATION_LEVEL = "-Onone";
			};
			name = Debug;
		};
		7A4BBDFD23C3A4010037C111 /* Release */ = {
			isa = XCBuildConfiguration;
			buildSettings = {
				ALWAYS_SEARCH_USER_PATHS = NO;
				CLANG_ANALYZER_NONNULL = YES;
				CLANG_ANALYZER_NUMBER_OBJECT_CONVERSION = YES_AGGRESSIVE;
				CLANG_CXX_LANGUAGE_STANDARD = "gnu++14";
				CLANG_CXX_LIBRARY = "libc++";
				CLANG_ENABLE_MODULES = YES;
				CLANG_ENABLE_OBJC_ARC = YES;
				CLANG_ENABLE_OBJC_WEAK = YES;
				CLANG_WARN_BLOCK_CAPTURE_AUTORELEASING = YES;
				CLANG_WARN_BOOL_CONVERSION = YES;
				CLANG_WARN_COMMA = YES;
				CLANG_WARN_CONSTANT_CONVERSION = YES;
				CLANG_WARN_DEPRECATED_OBJC_IMPLEMENTATIONS = YES;
				CLANG_WARN_DIRECT_OBJC_ISA_USAGE = YES_ERROR;
				CLANG_WARN_DOCUMENTATION_COMMENTS = YES;
				CLANG_WARN_EMPTY_BODY = YES;
				CLANG_WARN_ENUM_CONVERSION = YES;
				CLANG_WARN_INFINITE_RECURSION = YES;
				CLANG_WARN_INT_CONVERSION = YES;
				CLANG_WARN_NON_LITERAL_NULL_CONVERSION = YES;
				CLANG_WARN_OBJC_IMPLICIT_RETAIN_SELF = YES;
				CLANG_WARN_OBJC_LITERAL_CONVERSION = YES;
				CLANG_WARN_OBJC_ROOT_CLASS = YES_ERROR;
				CLANG_WARN_RANGE_LOOP_ANALYSIS = YES;
				CLANG_WARN_STRICT_PROTOTYPES = YES;
				CLANG_WARN_SUSPICIOUS_MOVE = YES;
				CLANG_WARN_UNGUARDED_AVAILABILITY = YES_AGGRESSIVE;
				CLANG_WARN_UNREACHABLE_CODE = YES;
				CLANG_WARN__DUPLICATE_METHOD_MATCH = YES;
				COPY_PHASE_STRIP = NO;
				DEBUG_INFORMATION_FORMAT = "dwarf-with-dsym";
				ENABLE_NS_ASSERTIONS = NO;
				ENABLE_STRICT_OBJC_MSGSEND = YES;
				GCC_C_LANGUAGE_STANDARD = gnu11;
				GCC_NO_COMMON_BLOCKS = YES;
				GCC_WARN_64_TO_32_BIT_CONVERSION = YES;
				GCC_WARN_ABOUT_RETURN_TYPE = YES_ERROR;
				GCC_WARN_UNDECLARED_SELECTOR = YES;
				GCC_WARN_UNINITIALIZED_AUTOS = YES_AGGRESSIVE;
				GCC_WARN_UNUSED_FUNCTION = YES;
				GCC_WARN_UNUSED_VARIABLE = YES;
				MACOSX_DEPLOYMENT_TARGET = 10.15;
				MTL_ENABLE_DEBUG_INFO = NO;
				MTL_FAST_MATH = YES;
				SDKROOT = macosx;
				SWIFT_COMPILATION_MODE = wholemodule;
				SWIFT_OPTIMIZATION_LEVEL = "-O";
			};
			name = Release;
		};
		7A4BBDFF23C3A4010037C111 /* Debug */ = {
			isa = XCBuildConfiguration;
			buildSettings = {
				ASSETCATALOG_COMPILER_APPICON_NAME = AppIcon;
				CODE_SIGN_ENTITLEMENTS = ImageAnnotations/ImageAnnotations.entitlements;
				CODE_SIGN_IDENTITY = "-";
				CODE_SIGN_STYLE = Manual;
				COMBINE_HIDPI_IMAGES = YES;
				DEVELOPMENT_TEAM = "";
				ENABLE_HARDENED_RUNTIME = YES;
				INFOPLIST_FILE = ImageAnnotations/Info.plist;
				LD_RUNPATH_SEARCH_PATHS = (
					"$(inherited)",
					"@executable_path/../Frameworks",
				);
				PRODUCT_BUNDLE_IDENTIFIER = co.lojals.annotations.ImageAnnotations;
				PRODUCT_NAME = "$(TARGET_NAME)";
				PROVISIONING_PROFILE_SPECIFIER = "";
				SWIFT_VERSION = 5.0;
			};
			name = Debug;
		};
		7A4BBE0023C3A4010037C111 /* Release */ = {
			isa = XCBuildConfiguration;
			buildSettings = {
				ASSETCATALOG_COMPILER_APPICON_NAME = AppIcon;
				CODE_SIGN_ENTITLEMENTS = ImageAnnotations/ImageAnnotations.entitlements;
				CODE_SIGN_IDENTITY = "-";
				CODE_SIGN_STYLE = Manual;
				COMBINE_HIDPI_IMAGES = YES;
				DEVELOPMENT_TEAM = "";
				ENABLE_HARDENED_RUNTIME = YES;
				INFOPLIST_FILE = ImageAnnotations/Info.plist;
				LD_RUNPATH_SEARCH_PATHS = (
					"$(inherited)",
					"@executable_path/../Frameworks",
				);
				PRODUCT_BUNDLE_IDENTIFIER = co.lojals.annotations.ImageAnnotations;
				PRODUCT_NAME = "$(TARGET_NAME)";
				PROVISIONING_PROFILE_SPECIFIER = "";
				SWIFT_VERSION = 5.0;
			};
			name = Release;
		};
		7ADB116523D7CF8600C81595 /* Debug */ = {
			isa = XCBuildConfiguration;
			buildSettings = {
				BUNDLE_LOADER = "$(TEST_HOST)";
				CODE_SIGN_IDENTITY = "-";
				CODE_SIGN_STYLE = Manual;
				COMBINE_HIDPI_IMAGES = YES;
				DEVELOPMENT_TEAM = "";
				INFOPLIST_FILE = ImageAnnotationsTests/Info.plist;
				LD_RUNPATH_SEARCH_PATHS = (
					"$(inherited)",
					"@executable_path/../Frameworks",
					"@loader_path/../Frameworks",
				);
				PRODUCT_BUNDLE_IDENTIFIER = co.lojals.annotations.ImageAnnotationsTests;
				PRODUCT_NAME = "$(TARGET_NAME)";
				PROVISIONING_PROFILE_SPECIFIER = "";
				SWIFT_VERSION = 5.0;
				TEST_HOST = "$(BUILT_PRODUCTS_DIR)/ImageAnnotations.app/Contents/MacOS/ImageAnnotations";
			};
			name = Debug;
		};
		7ADB116623D7CF8600C81595 /* Release */ = {
			isa = XCBuildConfiguration;
			buildSettings = {
				BUNDLE_LOADER = "$(TEST_HOST)";
				CODE_SIGN_IDENTITY = "-";
				CODE_SIGN_STYLE = Manual;
				COMBINE_HIDPI_IMAGES = YES;
				DEVELOPMENT_TEAM = "";
				INFOPLIST_FILE = ImageAnnotationsTests/Info.plist;
				LD_RUNPATH_SEARCH_PATHS = (
					"$(inherited)",
					"@executable_path/../Frameworks",
					"@loader_path/../Frameworks",
				);
				PRODUCT_BUNDLE_IDENTIFIER = co.lojals.annotations.ImageAnnotationsTests;
				PRODUCT_NAME = "$(TARGET_NAME)";
				PROVISIONING_PROFILE_SPECIFIER = "";
				SWIFT_VERSION = 5.0;
				TEST_HOST = "$(BUILT_PRODUCTS_DIR)/ImageAnnotations.app/Contents/MacOS/ImageAnnotations";
			};
			name = Release;
		};
/* End XCBuildConfiguration section */

/* Begin XCConfigurationList section */
		7A4BBDE923C3A3FE0037C111 /* Build configuration list for PBXProject "ImageAnnotations" */ = {
			isa = XCConfigurationList;
			buildConfigurations = (
				7A4BBDFC23C3A4010037C111 /* Debug */,
				7A4BBDFD23C3A4010037C111 /* Release */,
			);
			defaultConfigurationIsVisible = 0;
			defaultConfigurationName = Release;
		};
		7A4BBDFE23C3A4010037C111 /* Build configuration list for PBXNativeTarget "ImageAnnotations" */ = {
			isa = XCConfigurationList;
			buildConfigurations = (
				7A4BBDFF23C3A4010037C111 /* Debug */,
				7A4BBE0023C3A4010037C111 /* Release */,
			);
			defaultConfigurationIsVisible = 0;
			defaultConfigurationName = Release;
		};
		7ADB116423D7CF8600C81595 /* Build configuration list for PBXNativeTarget "ImageAnnotationsTests" */ = {
			isa = XCConfigurationList;
			buildConfigurations = (
				7ADB116523D7CF8600C81595 /* Debug */,
				7ADB116623D7CF8600C81595 /* Release */,
			);
			defaultConfigurationIsVisible = 0;
			defaultConfigurationName = Release;
		};
/* End XCConfigurationList section */
	};
	rootObject = 7A4BBDE623C3A3FE0037C111 /* Project object */;
}
